
Microsoft Visual Studio Solution File, Format Version 12.00
# Visual Studio Version 16
VisualStudioVersion = 16.0.32002.261
MinimumVisualStudioVersion = 10.0.40219.1
Project("{9A19103F-16F7-4668-BE54-9A1E7A4F7556}") = "DonkeyGameBackEnd", "DonkeyGameBackEnd\DonkeyGameBackEnd.csproj", "{9DC05B1E-9AEA-4329-AA1C-753438B2A819}"
EndProject
Project("{9A19103F-16F7-4668-BE54-9A1E7A4F7556}") = "Repository", "Repository\Repository.csproj", "{7CE3EA25-0E06-4A0C-8729-1CD01B2746D0}"
EndProject
Project("{9A19103F-16F7-4668-BE54-9A1E7A4F7556}") = "Services", "Services\Services.csproj", "{7F04C860-2E42-4208-8D47-F76FE999EA8B}"
EndProject
Project("{9A19103F-16F7-4668-BE54-9A1E7A4F7556}") = "DataAccess", "DataAccess\DataAccess.csproj", "{53FBCB25-5ECB-45D1-B21B-43971570D138}"
EndProject
Global
	GlobalSection(SolutionConfigurationPlatforms) = preSolution
		Debug|Any CPU = Debug|Any CPU
		Release|Any CPU = Release|Any CPU
	EndGlobalSection
	GlobalSection(ProjectConfigurationPlatforms) = postSolution
		{9DC05B1E-9AEA-4329-AA1C-753438B2A819}.Debug|Any CPU.ActiveCfg = Debug|Any CPU
		{9DC05B1E-9AEA-4329-AA1C-753438B2A819}.Debug|Any CPU.Build.0 = Debug|Any CPU
		{9DC05B1E-9AEA-4329-AA1C-753438B2A819}.Release|Any CPU.ActiveCfg = Release|Any CPU
		{9DC05B1E-9AEA-4329-AA1C-753438B2A819}.Release|Any CPU.Build.0 = Release|Any CPU
		{7CE3EA25-0E06-4A0C-8729-1CD01B2746D0}.Debug|Any CPU.ActiveCfg = Debug|Any CPU
		{7CE3EA25-0E06-4A0C-8729-1CD01B2746D0}.Debug|Any CPU.Build.0 = Debug|Any CPU
		{7CE3EA25-0E06-4A0C-8729-1CD01B2746D0}.Release|Any CPU.ActiveCfg = Release|Any CPU
		{7CE3EA25-0E06-4A0C-8729-1CD01B2746D0}.Release|Any CPU.Build.0 = Release|Any CPU
		{7F04C860-2E42-4208-8D47-F76FE999EA8B}.Debug|Any CPU.ActiveCfg = Debug|Any CPU
		{7F04C860-2E42-4208-8D47-F76FE999EA8B}.Debug|Any CPU.Build.0 = Debug|Any CPU
		{7F04C860-2E42-4208-8D47-F76FE999EA8B}.Release|Any CPU.ActiveCfg = Release|Any CPU
		{7F04C860-2E42-4208-8D47-F76FE999EA8B}.Release|Any CPU.Build.0 = Release|Any CPU
		{53FBCB25-5ECB-45D1-B21B-43971570D138}.Debug|Any CPU.ActiveCfg = Debug|Any CPU
		{53FBCB25-5ECB-45D1-B21B-43971570D138}.Debug|Any CPU.Build.0 = Debug|Any CPU
		{53FBCB25-5ECB-45D1-B21B-43971570D138}.Release|Any CPU.ActiveCfg = Release|Any CPU
		{53FBCB25-5ECB-45D1-B21B-43971570D138}.Release|Any CPU.Build.0 = Release|Any CPU
	EndGlobalSection
	GlobalSection(SolutionProperties) = preSolution
		HideSolutionNode = FALSE
	EndGlobalSection
	GlobalSection(ExtensibilityGlobals) = postSolution
		SolutionGuid = {DE0ADF55-B563-4FC8-8CC3-747ABB1DD79A}
	EndGlobalSection
EndGlobal
